
Microsoft Visual Studio Solution File, Format Version 12.00
# Visual Studio Version 17
VisualStudioVersion = 17.5.002.0
MinimumVisualStudioVersion = 10.0.40219.1
Project("{2150E333-8FDC-42A3-9474-1A3956D46DE8}") = "sandbox", "sandbox", "{B644BA2A-6EA1-4664-8CFF-613F45E81E23}"
EndProject
Project("{9A19103F-16F7-4668-BE54-9A1E7A4F7556}") = "sandbox_project", "sandbox\sandbox_project\sandbox_project.csproj", "{A2CA20CB-4F07-443F-BDC3-D0CDB3A0C0C8}"
EndProject
Project("{2150E333-8FDC-42A3-9474-1A3956D46DE8}") = "week01", "week01", "{B4A54263-ED1E-482B-A93E-258822BBA086}"
EndProject
Project("{9A19103F-16F7-4668-BE54-9A1E7A4F7556}") = "analyze", "week01\analyze\analyze.csproj", "{F1354CF2-E775-4865-80BF-936F4E7B4A6F}"
EndProject
Project("{9A19103F-16F7-4668-BE54-9A1E7A4F7556}") = "code", "week01\code\code.csproj", "{190F824E-7C41-4C2C-99FC-E9A4CDC46F21}"
EndProject
Project("{9A19103F-16F7-4668-BE54-9A1E7A4F7556}") = "teach", "week01\teach\teach.csproj", "{6331E6A2-A8B0-4B02-B599-547E999B79C9}"
EndProject
Project("{2150E333-8FDC-42A3-9474-1A3956D46DE8}") = "week02", "week02", "{4965E860-9722-40F3-A421-DDF5F83C515C}"
EndProject
Project("{9A19103F-16F7-4668-BE54-9A1E7A4F7556}") = "analyze", "week02\analyze\analyze.csproj", "{B62C4510-FA8B-4E19-BBC7-6E7D5ED4B7C5}"
EndProject
Project("{9A19103F-16F7-4668-BE54-9A1E7A4F7556}") = "code", "week02\code\code.csproj", "{D7DDE421-287C-44D3-8CDB-5A0104DD2F66}"
EndProject
Project("{9A19103F-16F7-4668-BE54-9A1E7A4F7556}") = "learn", "week02\learn\learn.csproj", "{5A667F3E-5886-4082-BFF4-8DC13F01B897}"
EndProject
Project("{9A19103F-16F7-4668-BE54-9A1E7A4F7556}") = "teach", "week02\teach\teach.csproj", "{0DB1289D-43D5-4CBF-8807-F808BD99DCEE}"
EndProject
Project("{2150E333-8FDC-42A3-9474-1A3956D46DE8}") = "week03", "week03", "{B27636AF-CB3F-4540-A6E9-47B04173B5F6}"
EndProject
Project("{9A19103F-16F7-4668-BE54-9A1E7A4F7556}") = "code", "week03\code\code.csproj", "{DE56FCB9-3D9F-4826-B2DB-D048F430994E}"
EndProject
Project("{9A19103F-16F7-4668-BE54-9A1E7A4F7556}") = "learn", "week03\learn\learn.csproj", "{639D55B6-3B58-4A89-9222-1C91DC045308}"
EndProject
Project("{9A19103F-16F7-4668-BE54-9A1E7A4F7556}") = "teach", "week03\teach\teach.csproj", "{455B2DC9-0E1A-4695-B9C1-9EB2663441DC}"
EndProject
Project("{2150E333-8FDC-42A3-9474-1A3956D46DE8}") = "week04", "week04", "{74AB65E4-E289-4987-AF1C-A8ECAFA516F9}"
EndProject
Project("{9A19103F-16F7-4668-BE54-9A1E7A4F7556}") = "code", "week04\code\code.csproj", "{5F53EE8F-25DA-4E7F-9632-D2BB84ED0184}"
EndProject
Project("{2150E333-8FDC-42A3-9474-1A3956D46DE8}") = "week05", "week05", "{197E4AA5-1D55-442D-8A00-F17415B9A21A}"
EndProject
Project("{9A19103F-16F7-4668-BE54-9A1E7A4F7556}") = "code", "week05\code\code.csproj", "{01FBAB56-4A73-4EB9-B5D6-1AA276D38CA8}"
EndProject
Project("{2150E333-8FDC-42A3-9474-1A3956D46DE8}") = "week06", "week06", "{7285EE03-CCD8-4C70-A454-47496E3CDF42}"
EndProject
Project("{9A19103F-16F7-4668-BE54-9A1E7A4F7556}") = "code", "week06\code\code.csproj", "{6FEE8312-A910-416D-B6D0-1CC0FA7BD889}"
EndProject
Global
	GlobalSection(SolutionConfigurationPlatforms) = preSolution
		Debug|Any CPU = Debug|Any CPU
		Release|Any CPU = Release|Any CPU
	EndGlobalSection
	GlobalSection(ProjectConfigurationPlatforms) = postSolution
		{A2CA20CB-4F07-443F-BDC3-D0CDB3A0C0C8}.Debug|Any CPU.ActiveCfg = Debug|Any CPU
		{A2CA20CB-4F07-443F-BDC3-D0CDB3A0C0C8}.Debug|Any CPU.Build.0 = Debug|Any CPU
		{A2CA20CB-4F07-443F-BDC3-D0CDB3A0C0C8}.Release|Any CPU.ActiveCfg = Release|Any CPU
		{A2CA20CB-4F07-443F-BDC3-D0CDB3A0C0C8}.Release|Any CPU.Build.0 = Release|Any CPU
		{F1354CF2-E775-4865-80BF-936F4E7B4A6F}.Debug|Any CPU.ActiveCfg = Debug|Any CPU
		{F1354CF2-E775-4865-80BF-936F4E7B4A6F}.Debug|Any CPU.Build.0 = Debug|Any CPU
		{F1354CF2-E775-4865-80BF-936F4E7B4A6F}.Release|Any CPU.ActiveCfg = Release|Any CPU
		{F1354CF2-E775-4865-80BF-936F4E7B4A6F}.Release|Any CPU.Build.0 = Release|Any CPU
		{190F824E-7C41-4C2C-99FC-E9A4CDC46F21}.Debug|Any CPU.ActiveCfg = Debug|Any CPU
		{190F824E-7C41-4C2C-99FC-E9A4CDC46F21}.Debug|Any CPU.Build.0 = Debug|Any CPU
		{190F824E-7C41-4C2C-99FC-E9A4CDC46F21}.Release|Any CPU.ActiveCfg = Release|Any CPU
		{190F824E-7C41-4C2C-99FC-E9A4CDC46F21}.Release|Any CPU.Build.0 = Release|Any CPU
		{6331E6A2-A8B0-4B02-B599-547E999B79C9}.Debug|Any CPU.ActiveCfg = Debug|Any CPU
		{6331E6A2-A8B0-4B02-B599-547E999B79C9}.Debug|Any CPU.Build.0 = Debug|Any CPU
		{6331E6A2-A8B0-4B02-B599-547E999B79C9}.Release|Any CPU.ActiveCfg = Release|Any CPU
		{6331E6A2-A8B0-4B02-B599-547E999B79C9}.Release|Any CPU.Build.0 = Release|Any CPU
		{B62C4510-FA8B-4E19-BBC7-6E7D5ED4B7C5}.Debug|Any CPU.ActiveCfg = Debug|Any CPU
		{B62C4510-FA8B-4E19-BBC7-6E7D5ED4B7C5}.Debug|Any CPU.Build.0 = Debug|Any CPU
		{B62C4510-FA8B-4E19-BBC7-6E7D5ED4B7C5}.Release|Any CPU.ActiveCfg = Release|Any CPU
		{B62C4510-FA8B-4E19-BBC7-6E7D5ED4B7C5}.Release|Any CPU.Build.0 = Release|Any CPU
		{D7DDE421-287C-44D3-8CDB-5A0104DD2F66}.Debug|Any CPU.ActiveCfg = Debug|Any CPU
		{D7DDE421-287C-44D3-8CDB-5A0104DD2F66}.Debug|Any CPU.Build.0 = Debug|Any CPU
		{D7DDE421-287C-44D3-8CDB-5A0104DD2F66}.Release|Any CPU.ActiveCfg = Release|Any CPU
		{D7DDE421-287C-44D3-8CDB-5A0104DD2F66}.Release|Any CPU.Build.0 = Release|Any CPU
		{5A667F3E-5886-4082-BFF4-8DC13F01B897}.Debug|Any CPU.ActiveCfg = Debug|Any CPU
		{5A667F3E-5886-4082-BFF4-8DC13F01B897}.Debug|Any CPU.Build.0 = Debug|Any CPU
		{5A667F3E-5886-4082-BFF4-8DC13F01B897}.Release|Any CPU.ActiveCfg = Release|Any CPU
		{5A667F3E-5886-4082-BFF4-8DC13F01B897}.Release|Any CPU.Build.0 = Release|Any CPU
		{0DB1289D-43D5-4CBF-8807-F808BD99DCEE}.Debug|Any CPU.ActiveCfg = Debug|Any CPU
		{0DB1289D-43D5-4CBF-8807-F808BD99DCEE}.Debug|Any CPU.Build.0 = Debug|Any CPU
		{0DB1289D-43D5-4CBF-8807-F808BD99DCEE}.Release|Any CPU.ActiveCfg = Release|Any CPU
		{0DB1289D-43D5-4CBF-8807-F808BD99DCEE}.Release|Any CPU.Build.0 = Release|Any CPU
		{DE56FCB9-3D9F-4826-B2DB-D048F430994E}.Debug|Any CPU.ActiveCfg = Debug|Any CPU
		{DE56FCB9-3D9F-4826-B2DB-D048F430994E}.Debug|Any CPU.Build.0 = Debug|Any CPU
		{DE56FCB9-3D9F-4826-B2DB-D048F430994E}.Release|Any CPU.ActiveCfg = Release|Any CPU
		{DE56FCB9-3D9F-4826-B2DB-D048F430994E}.Release|Any CPU.Build.0 = Release|Any CPU
		{639D55B6-3B58-4A89-9222-1C91DC045308}.Debug|Any CPU.ActiveCfg = Debug|Any CPU
		{639D55B6-3B58-4A89-9222-1C91DC045308}.Debug|Any CPU.Build.0 = Debug|Any CPU
		{639D55B6-3B58-4A89-9222-1C91DC045308}.Release|Any CPU.ActiveCfg = Release|Any CPU
		{639D55B6-3B58-4A89-9222-1C91DC045308}.Release|Any CPU.Build.0 = Release|Any CPU
		{455B2DC9-0E1A-4695-B9C1-9EB2663441DC}.Debug|Any CPU.ActiveCfg = Debug|Any CPU
		{455B2DC9-0E1A-4695-B9C1-9EB2663441DC}.Debug|Any CPU.Build.0 = Debug|Any CPU
		{455B2DC9-0E1A-4695-B9C1-9EB2663441DC}.Release|Any CPU.ActiveCfg = Release|Any CPU
		{455B2DC9-0E1A-4695-B9C1-9EB2663441DC}.Release|Any CPU.Build.0 = Release|Any CPU
		{5F53EE8F-25DA-4E7F-9632-D2BB84ED0184}.Debug|Any CPU.ActiveCfg = Debug|Any CPU
		{5F53EE8F-25DA-4E7F-9632-D2BB84ED0184}.Debug|Any CPU.Build.0 = Debug|Any CPU
		{5F53EE8F-25DA-4E7F-9632-D2BB84ED0184}.Release|Any CPU.ActiveCfg = Release|Any CPU
		{5F53EE8F-25DA-4E7F-9632-D2BB84ED0184}.Release|Any CPU.Build.0 = Release|Any CPU
		{01FBAB56-4A73-4EB9-B5D6-1AA276D38CA8}.Debug|Any CPU.ActiveCfg = Debug|Any CPU
		{01FBAB56-4A73-4EB9-B5D6-1AA276D38CA8}.Debug|Any CPU.Build.0 = Debug|Any CPU
		{01FBAB56-4A73-4EB9-B5D6-1AA276D38CA8}.Release|Any CPU.ActiveCfg = Release|Any CPU
		{01FBAB56-4A73-4EB9-B5D6-1AA276D38CA8}.Release|Any CPU.Build.0 = Release|Any CPU
		{6FEE8312-A910-416D-B6D0-1CC0FA7BD889}.Debug|Any CPU.ActiveCfg = Debug|Any CPU
		{6FEE8312-A910-416D-B6D0-1CC0FA7BD889}.Debug|Any CPU.Build.0 = Debug|Any CPU
		{6FEE8312-A910-416D-B6D0-1CC0FA7BD889}.Release|Any CPU.ActiveCfg = Release|Any CPU
		{6FEE8312-A910-416D-B6D0-1CC0FA7BD889}.Release|Any CPU.Build.0 = Release|Any CPU
	EndGlobalSection
	GlobalSection(SolutionProperties) = preSolution
		HideSolutionNode = FALSE
	EndGlobalSection
	GlobalSection(NestedProjects) = preSolution
		{A2CA20CB-4F07-443F-BDC3-D0CDB3A0C0C8} = {B644BA2A-6EA1-4664-8CFF-613F45E81E23}
		{F1354CF2-E775-4865-80BF-936F4E7B4A6F} = {B4A54263-ED1E-482B-A93E-258822BBA086}
		{190F824E-7C41-4C2C-99FC-E9A4CDC46F21} = {B4A54263-ED1E-482B-A93E-258822BBA086}
		{6331E6A2-A8B0-4B02-B599-547E999B79C9} = {B4A54263-ED1E-482B-A93E-258822BBA086}
		{B62C4510-FA8B-4E19-BBC7-6E7D5ED4B7C5} = {4965E860-9722-40F3-A421-DDF5F83C515C}
		{D7DDE421-287C-44D3-8CDB-5A0104DD2F66} = {4965E860-9722-40F3-A421-DDF5F83C515C}
		{5A667F3E-5886-4082-BFF4-8DC13F01B897} = {4965E860-9722-40F3-A421-DDF5F83C515C}
		{0DB1289D-43D5-4CBF-8807-F808BD99DCEE} = {4965E860-9722-40F3-A421-DDF5F83C515C}
		{DE56FCB9-3D9F-4826-B2DB-D048F430994E} = {B27636AF-CB3F-4540-A6E9-47B04173B5F6}
		{639D55B6-3B58-4A89-9222-1C91DC045308} = {B27636AF-CB3F-4540-A6E9-47B04173B5F6}
		{455B2DC9-0E1A-4695-B9C1-9EB2663441DC} = {B27636AF-CB3F-4540-A6E9-47B04173B5F6}
		{5F53EE8F-25DA-4E7F-9632-D2BB84ED0184} = {74AB65E4-E289-4987-AF1C-A8ECAFA516F9}
		{01FBAB56-4A73-4EB9-B5D6-1AA276D38CA8} = {197E4AA5-1D55-442D-8A00-F17415B9A21A}
		{6FEE8312-A910-416D-B6D0-1CC0FA7BD889} = {7285EE03-CCD8-4C70-A454-47496E3CDF42}
	EndGlobalSection
	GlobalSection(ExtensibilityGlobals) = postSolution
		SolutionGuid = {4024E58A-524D-45C4-98E0-F0CFD5798DA5}
	EndGlobalSection
EndGlobal
