
Microsoft Visual Studio Solution File, Format Version 12.00
# Visual Studio Version 17
VisualStudioVersion = 17.5.002.0
MinimumVisualStudioVersion = 10.0.40219.1
Project("{2150E333-8FDC-42A3-9474-1A3956D46DE8}") = "sandbox", "sandbox", "{4BED7946-0BA4-4273-9F26-222BC2FB8382}"
EndProject
Project("{9A19103F-16F7-4668-BE54-9A1E7A4F7556}") = "sandbox_project", "sandbox\sandbox_project\sandbox_project.csproj", "{2C9A36A6-FFD8-4CCE-9AD7-754C8722C42B}"
EndProject
Project("{2150E333-8FDC-42A3-9474-1A3956D46DE8}") = "week01", "week01", "{18758135-6C5E-4B84-840C-4E0345F6D411}"
EndProject
Project("{9A19103F-16F7-4668-BE54-9A1E7A4F7556}") = "analyze", "week01\analyze\analyze.csproj", "{B42B020A-D775-4146-84EB-30955CADD4D8}"
EndProject
Project("{9A19103F-16F7-4668-BE54-9A1E7A4F7556}") = "code", "week01\code\code.csproj", "{06A5F944-B399-4F70-8AE5-5BBFA2EA1EE2}"
EndProject
Project("{9A19103F-16F7-4668-BE54-9A1E7A4F7556}") = "teach", "week01\teach\teach.csproj", "{88C8A5EE-9BED-4C40-8ED5-498703891CC1}"
EndProject
Project("{2150E333-8FDC-42A3-9474-1A3956D46DE8}") = "week02", "week02", "{0104ADE7-4DC7-43A7-A3E0-E9CE8240BC03}"
EndProject
Project("{9A19103F-16F7-4668-BE54-9A1E7A4F7556}") = "analyze", "week02\analyze\analyze.csproj", "{D814A8C0-6602-4851-8327-8E8AEDD8B7B5}"
EndProject
Project("{9A19103F-16F7-4668-BE54-9A1E7A4F7556}") = "code", "week02\code\code.csproj", "{C4F8C5C4-0B10-4E09-A279-8A1661EBCB36}"
EndProject
Project("{9A19103F-16F7-4668-BE54-9A1E7A4F7556}") = "learn", "week02\learn\learn.csproj", "{6D64A8C9-6DF1-42A7-B921-22ABA658743D}"
EndProject
Project("{9A19103F-16F7-4668-BE54-9A1E7A4F7556}") = "teach", "week02\teach\teach.csproj", "{A1D7A842-DBC3-4D67-916C-FEC96D1E0F7E}"
EndProject
Project("{2150E333-8FDC-42A3-9474-1A3956D46DE8}") = "week03", "week03", "{F8022D71-1EF8-4A3C-8651-674E7132B6DA}"
EndProject
Project("{9A19103F-16F7-4668-BE54-9A1E7A4F7556}") = "code", "week03\code\code.csproj", "{A5C75284-906B-41CA-BB2E-33689A16E78E}"
EndProject
Project("{9A19103F-16F7-4668-BE54-9A1E7A4F7556}") = "learn", "week03\learn\learn.csproj", "{C1DE98A8-7C03-400F-BD22-107260B187AD}"
EndProject
Project("{9A19103F-16F7-4668-BE54-9A1E7A4F7556}") = "teach", "week03\teach\teach.csproj", "{BE5E48F0-56E9-46FF-8D26-03370EE1004D}"
EndProject
Project("{2150E333-8FDC-42A3-9474-1A3956D46DE8}") = "week04", "week04", "{312E0AF8-75AF-4670-818A-CD10DBC9E35A}"
EndProject
Project("{9A19103F-16F7-4668-BE54-9A1E7A4F7556}") = "code", "week04\code\code.csproj", "{A8BB86B2-F2A2-425B-956C-E75E96977ED2}"
EndProject
Project("{2150E333-8FDC-42A3-9474-1A3956D46DE8}") = "week05", "week05", "{1237A59A-4A7F-42D9-A51F-5887A3D9CD0B}"
EndProject
Project("{9A19103F-16F7-4668-BE54-9A1E7A4F7556}") = "code", "week05\code\code.csproj", "{F10D8B4E-C616-43A1-98A1-D03B87004A1E}"
EndProject
Project("{2150E333-8FDC-42A3-9474-1A3956D46DE8}") = "week06", "week06", "{2979EFA1-7D19-4A16-9413-AE5D48523379}"
EndProject
Project("{9A19103F-16F7-4668-BE54-9A1E7A4F7556}") = "code", "week06\code\code.csproj", "{50045F93-CDDA-407D-82BE-F9BF6FD9E302}"
EndProject
Global
	GlobalSection(SolutionConfigurationPlatforms) = preSolution
		Debug|Any CPU = Debug|Any CPU
		Release|Any CPU = Release|Any CPU
	EndGlobalSection
	GlobalSection(ProjectConfigurationPlatforms) = postSolution
		{2C9A36A6-FFD8-4CCE-9AD7-754C8722C42B}.Debug|Any CPU.ActiveCfg = Debug|Any CPU
		{2C9A36A6-FFD8-4CCE-9AD7-754C8722C42B}.Debug|Any CPU.Build.0 = Debug|Any CPU
		{2C9A36A6-FFD8-4CCE-9AD7-754C8722C42B}.Release|Any CPU.ActiveCfg = Release|Any CPU
		{2C9A36A6-FFD8-4CCE-9AD7-754C8722C42B}.Release|Any CPU.Build.0 = Release|Any CPU
		{B42B020A-D775-4146-84EB-30955CADD4D8}.Debug|Any CPU.ActiveCfg = Debug|Any CPU
		{B42B020A-D775-4146-84EB-30955CADD4D8}.Debug|Any CPU.Build.0 = Debug|Any CPU
		{B42B020A-D775-4146-84EB-30955CADD4D8}.Release|Any CPU.ActiveCfg = Release|Any CPU
		{B42B020A-D775-4146-84EB-30955CADD4D8}.Release|Any CPU.Build.0 = Release|Any CPU
		{06A5F944-B399-4F70-8AE5-5BBFA2EA1EE2}.Debug|Any CPU.ActiveCfg = Debug|Any CPU
		{06A5F944-B399-4F70-8AE5-5BBFA2EA1EE2}.Debug|Any CPU.Build.0 = Debug|Any CPU
		{06A5F944-B399-4F70-8AE5-5BBFA2EA1EE2}.Release|Any CPU.ActiveCfg = Release|Any CPU
		{06A5F944-B399-4F70-8AE5-5BBFA2EA1EE2}.Release|Any CPU.Build.0 = Release|Any CPU
		{88C8A5EE-9BED-4C40-8ED5-498703891CC1}.Debug|Any CPU.ActiveCfg = Debug|Any CPU
		{88C8A5EE-9BED-4C40-8ED5-498703891CC1}.Debug|Any CPU.Build.0 = Debug|Any CPU
		{88C8A5EE-9BED-4C40-8ED5-498703891CC1}.Release|Any CPU.ActiveCfg = Release|Any CPU
		{88C8A5EE-9BED-4C40-8ED5-498703891CC1}.Release|Any CPU.Build.0 = Release|Any CPU
		{D814A8C0-6602-4851-8327-8E8AEDD8B7B5}.Debug|Any CPU.ActiveCfg = Debug|Any CPU
		{D814A8C0-6602-4851-8327-8E8AEDD8B7B5}.Debug|Any CPU.Build.0 = Debug|Any CPU
		{D814A8C0-6602-4851-8327-8E8AEDD8B7B5}.Release|Any CPU.ActiveCfg = Release|Any CPU
		{D814A8C0-6602-4851-8327-8E8AEDD8B7B5}.Release|Any CPU.Build.0 = Release|Any CPU
		{C4F8C5C4-0B10-4E09-A279-8A1661EBCB36}.Debug|Any CPU.ActiveCfg = Debug|Any CPU
		{C4F8C5C4-0B10-4E09-A279-8A1661EBCB36}.Debug|Any CPU.Build.0 = Debug|Any CPU
		{C4F8C5C4-0B10-4E09-A279-8A1661EBCB36}.Release|Any CPU.ActiveCfg = Release|Any CPU
		{C4F8C5C4-0B10-4E09-A279-8A1661EBCB36}.Release|Any CPU.Build.0 = Release|Any CPU
		{6D64A8C9-6DF1-42A7-B921-22ABA658743D}.Debug|Any CPU.ActiveCfg = Debug|Any CPU
		{6D64A8C9-6DF1-42A7-B921-22ABA658743D}.Debug|Any CPU.Build.0 = Debug|Any CPU
		{6D64A8C9-6DF1-42A7-B921-22ABA658743D}.Release|Any CPU.ActiveCfg = Release|Any CPU
		{6D64A8C9-6DF1-42A7-B921-22ABA658743D}.Release|Any CPU.Build.0 = Release|Any CPU
		{A1D7A842-DBC3-4D67-916C-FEC96D1E0F7E}.Debug|Any CPU.ActiveCfg = Debug|Any CPU
		{A1D7A842-DBC3-4D67-916C-FEC96D1E0F7E}.Debug|Any CPU.Build.0 = Debug|Any CPU
		{A1D7A842-DBC3-4D67-916C-FEC96D1E0F7E}.Release|Any CPU.ActiveCfg = Release|Any CPU
		{A1D7A842-DBC3-4D67-916C-FEC96D1E0F7E}.Release|Any CPU.Build.0 = Release|Any CPU
		{A5C75284-906B-41CA-BB2E-33689A16E78E}.Debug|Any CPU.ActiveCfg = Debug|Any CPU
		{A5C75284-906B-41CA-BB2E-33689A16E78E}.Debug|Any CPU.Build.0 = Debug|Any CPU
		{A5C75284-906B-41CA-BB2E-33689A16E78E}.Release|Any CPU.ActiveCfg = Release|Any CPU
		{A5C75284-906B-41CA-BB2E-33689A16E78E}.Release|Any CPU.Build.0 = Release|Any CPU
		{C1DE98A8-7C03-400F-BD22-107260B187AD}.Debug|Any CPU.ActiveCfg = Debug|Any CPU
		{C1DE98A8-7C03-400F-BD22-107260B187AD}.Debug|Any CPU.Build.0 = Debug|Any CPU
		{C1DE98A8-7C03-400F-BD22-107260B187AD}.Release|Any CPU.ActiveCfg = Release|Any CPU
		{C1DE98A8-7C03-400F-BD22-107260B187AD}.Release|Any CPU.Build.0 = Release|Any CPU
		{BE5E48F0-56E9-46FF-8D26-03370EE1004D}.Debug|Any CPU.ActiveCfg = Debug|Any CPU
		{BE5E48F0-56E9-46FF-8D26-03370EE1004D}.Debug|Any CPU.Build.0 = Debug|Any CPU
		{BE5E48F0-56E9-46FF-8D26-03370EE1004D}.Release|Any CPU.ActiveCfg = Release|Any CPU
		{BE5E48F0-56E9-46FF-8D26-03370EE1004D}.Release|Any CPU.Build.0 = Release|Any CPU
		{A8BB86B2-F2A2-425B-956C-E75E96977ED2}.Debug|Any CPU.ActiveCfg = Debug|Any CPU
		{A8BB86B2-F2A2-425B-956C-E75E96977ED2}.Debug|Any CPU.Build.0 = Debug|Any CPU
		{A8BB86B2-F2A2-425B-956C-E75E96977ED2}.Release|Any CPU.ActiveCfg = Release|Any CPU
		{A8BB86B2-F2A2-425B-956C-E75E96977ED2}.Release|Any CPU.Build.0 = Release|Any CPU
		{F10D8B4E-C616-43A1-98A1-D03B87004A1E}.Debug|Any CPU.ActiveCfg = Debug|Any CPU
		{F10D8B4E-C616-43A1-98A1-D03B87004A1E}.Debug|Any CPU.Build.0 = Debug|Any CPU
		{F10D8B4E-C616-43A1-98A1-D03B87004A1E}.Release|Any CPU.ActiveCfg = Release|Any CPU
		{F10D8B4E-C616-43A1-98A1-D03B87004A1E}.Release|Any CPU.Build.0 = Release|Any CPU
		{50045F93-CDDA-407D-82BE-F9BF6FD9E302}.Debug|Any CPU.ActiveCfg = Debug|Any CPU
		{50045F93-CDDA-407D-82BE-F9BF6FD9E302}.Debug|Any CPU.Build.0 = Debug|Any CPU
		{50045F93-CDDA-407D-82BE-F9BF6FD9E302}.Release|Any CPU.ActiveCfg = Release|Any CPU
		{50045F93-CDDA-407D-82BE-F9BF6FD9E302}.Release|Any CPU.Build.0 = Release|Any CPU
	EndGlobalSection
	GlobalSection(SolutionProperties) = preSolution
		HideSolutionNode = FALSE
	EndGlobalSection
	GlobalSection(NestedProjects) = preSolution
		{2C9A36A6-FFD8-4CCE-9AD7-754C8722C42B} = {4BED7946-0BA4-4273-9F26-222BC2FB8382}
		{B42B020A-D775-4146-84EB-30955CADD4D8} = {18758135-6C5E-4B84-840C-4E0345F6D411}
		{06A5F944-B399-4F70-8AE5-5BBFA2EA1EE2} = {18758135-6C5E-4B84-840C-4E0345F6D411}
		{88C8A5EE-9BED-4C40-8ED5-498703891CC1} = {18758135-6C5E-4B84-840C-4E0345F6D411}
		{D814A8C0-6602-4851-8327-8E8AEDD8B7B5} = {0104ADE7-4DC7-43A7-A3E0-E9CE8240BC03}
		{C4F8C5C4-0B10-4E09-A279-8A1661EBCB36} = {0104ADE7-4DC7-43A7-A3E0-E9CE8240BC03}
		{6D64A8C9-6DF1-42A7-B921-22ABA658743D} = {0104ADE7-4DC7-43A7-A3E0-E9CE8240BC03}
		{A1D7A842-DBC3-4D67-916C-FEC96D1E0F7E} = {0104ADE7-4DC7-43A7-A3E0-E9CE8240BC03}
		{A5C75284-906B-41CA-BB2E-33689A16E78E} = {F8022D71-1EF8-4A3C-8651-674E7132B6DA}
		{C1DE98A8-7C03-400F-BD22-107260B187AD} = {F8022D71-1EF8-4A3C-8651-674E7132B6DA}
		{BE5E48F0-56E9-46FF-8D26-03370EE1004D} = {F8022D71-1EF8-4A3C-8651-674E7132B6DA}
		{A8BB86B2-F2A2-425B-956C-E75E96977ED2} = {312E0AF8-75AF-4670-818A-CD10DBC9E35A}
		{F10D8B4E-C616-43A1-98A1-D03B87004A1E} = {1237A59A-4A7F-42D9-A51F-5887A3D9CD0B}
		{50045F93-CDDA-407D-82BE-F9BF6FD9E302} = {2979EFA1-7D19-4A16-9413-AE5D48523379}
	EndGlobalSection
	GlobalSection(ExtensibilityGlobals) = postSolution
		SolutionGuid = {0A9BE062-388C-4995-A723-99C03836B0F4}
	EndGlobalSection
EndGlobal
